# This file is automatically @generated by Poetry 1.8.3 and should not be changed by hand.

[[package]]
name = "asgiref"
version = "3.8.1"
description = "ASGI specs, helper code, and adapters"
optional = false
python-versions = ">=3.8"
files = [
    {file = "asgiref-3.8.1-py3-none-any.whl", hash = "sha256:3e1e3ecc849832fe52ccf2cb6686b7a55f82bb1d6aee72a58826471390335e47"},
    {file = "asgiref-3.8.1.tar.gz", hash = "sha256:c343bd80a0bec947a9860adb4c432ffa7db769836c64238fc34bdc3fec84d590"},
]

[package.extras]
tests = ["mypy (>=0.800)", "pytest", "pytest-asyncio"]

[[package]]
name = "django"
version = "5.0.7"
description = "A high-level Python web framework that encourages rapid development and clean, pragmatic design."
optional = false
python-versions = ">=3.10"
files = [
    {file = "Django-5.0.7-py3-none-any.whl", hash = "sha256:f216510ace3de5de01329463a315a629f33480e893a9024fc93d8c32c22913da"},
    {file = "Django-5.0.7.tar.gz", hash = "sha256:bd4505cae0b9bd642313e8fb71810893df5dc2ffcacaa67a33af2d5cd61888f2"},
]

[package.dependencies]
asgiref = ">=3.7.0,<4"
sqlparse = ">=0.3.1"
tzdata = {version = "*", markers = "sys_platform == \"win32\""}

[package.extras]
argon2 = ["argon2-cffi (>=19.1.0)"]
bcrypt = ["bcrypt"]

[[package]]
name = "libsql-experimental"
version = "0.0.37"
description = ""
optional = false
python-versions = ">=3.7"
files = [
    {file = "libsql_experimental-0.0.37-cp310-cp310-macosx_10_12_x86_64.whl", hash = "sha256:68c59c80255286864e1d026056c3956db244500add9efaa008b00c88bc007c8c"},
    {file = "libsql_experimental-0.0.37-cp310-cp310-macosx_11_0_arm64.whl", hash = "sha256:7f37e5aca2b2002afb396b28fa3f4ede91cdaba67d4ad47ce4b8b6efff1a8b12"},
    {file = "libsql_experimental-0.0.37-cp310-cp310-manylinux_2_17_x86_64.manylinux2014_x86_64.whl", hash = "sha256:5bda2b4d4bee03e51ed25116d9574d2d07d92d07f797426f35c695efde51a2a7"},
    {file = "libsql_experimental-0.0.37-cp311-cp311-macosx_10_12_x86_64.whl", hash = "sha256:f5d1d4b0cf070e522524490d3f53991183d8fe359fc8b6fd1e7638db96807516"},
    {file = "libsql_experimental-0.0.37-cp311-cp311-macosx_11_0_arm64.whl", hash = "sha256:47e9637999b9b6f1bff32c23936f0f5328d0635239aa4b2332fecd3a6b5e3bc8"},
    {file = "libsql_experimental-0.0.37-cp311-cp311-manylinux_2_17_x86_64.manylinux2014_x86_64.whl", hash = "sha256:2740c2fe5bf95ff0da935d4c8c14638e6d42c702c0f8827ce66d211c04feef50"},
    {file = "libsql_experimental-0.0.37-cp312-cp312-macosx_10_12_x86_64.whl", hash = "sha256:2ee777137c007b3fbdf9539b6a3bb3d28746aceaeab3d5cdea35ff9959e79503"},
    {file = "libsql_experimental-0.0.37-cp312-cp312-macosx_11_0_arm64.whl", hash = "sha256:ef8b5aba03abe310fc36bf050dc49bf59a2a757d57b1ce2f518a67587d2fe0ea"},
    {file = "libsql_experimental-0.0.37-cp312-cp312-manylinux_2_17_x86_64.manylinux2014_x86_64.whl", hash = "sha256:be8a643c160cf5ac0aad635b4bbcc619763f01883e01d216a13c19217e8123ff"},
    {file = "libsql_experimental-0.0.37-cp37-cp37m-manylinux_2_17_x86_64.manylinux2014_x86_64.whl", hash = "sha256:3da983735572c5f21dc46947b1fd45daa53710e508ac08f21cc3cc24b67b0923"},
    {file = "libsql_experimental-0.0.37-cp38-cp38-manylinux_2_17_x86_64.manylinux2014_x86_64.whl", hash = "sha256:7b9f8441bfbbcc092ec2aa31b1c017e1917703d147522b1d614f689a33d662c2"},
    {file = "libsql_experimental-0.0.37-cp39-cp39-macosx_11_0_arm64.whl", hash = "sha256:d9ac9012472b2535642f86cc595ec2efd7c9cdf2fa21eec9168f097c23132301"},
    {file = "libsql_experimental-0.0.37-cp39-cp39-manylinux_2_17_x86_64.manylinux2014_x86_64.whl", hash = "sha256:e4eea2560460be33419324fc5a7368fc9971574c22b1391528c60dc46f0713c5"},
    {file = "libsql_experimental-0.0.37-pp310-pypy310_pp73-manylinux_2_17_x86_64.manylinux2014_x86_64.whl", hash = "sha256:84cd64bbda5ce402591a565f61b2f56fb7722cf093b602f4ecc65f13db38293a"},
    {file = "libsql_experimental-0.0.37-pp39-pypy39_pp73-manylinux_2_17_x86_64.manylinux2014_x86_64.whl", hash = "sha256:51c1284b25d9c115b0228129839c44bf41df19217925d23ffbcd115620ca0ec9"},
    {file = "libsql_experimental-0.0.37.tar.gz", hash = "sha256:a84e0bd8c14b5393b2a0cb5a51a76e19f46694a4696040c57e9fba5cb1da4f30"},
]

[[package]]
name = "sqlparse"
version = "0.5.1"
description = "A non-validating SQL parser."
optional = false
python-versions = ">=3.8"
files = [
    {file = "sqlparse-0.5.1-py3-none-any.whl", hash = "sha256:773dcbf9a5ab44a090f3441e2180efe2560220203dc2f8c0b0fa141e18b505e4"},
    {file = "sqlparse-0.5.1.tar.gz", hash = "sha256:bb6b4df465655ef332548e24f08e205afc81b9ab86cb1c45657a7ff173a3a00e"},
]

[package.extras]
dev = ["build", "hatch"]
doc = ["sphinx"]

[[package]]
name = "tzdata"
version = "2024.1"
description = "Provider of IANA time zone data"
optional = false
python-versions = ">=2"
files = [
    {file = "tzdata-2024.1-py2.py3-none-any.whl", hash = "sha256:9068bc196136463f5245e51efda838afa15aaeca9903f49050dfa2679db4d252"},
    {file = "tzdata-2024.1.tar.gz", hash = "sha256:2674120f8d891909751c38abcdfd386ac0a5a1127954fbc332af6b5ceae07efd"},
]

[metadata]
lock-version = "2.0"
python-versions = "^3.12"
content-hash = "33c8a8cd148abaa1a3971032921b2e0b8b8664bbd93c0dc741a724ec87c67580"
